// !$*UTF8*$!
{
	archiveVersion = 1;
	classes = {
	};
	objectVersion = 46;
	objects = {

/* Begin PBXBuildFile section */
		6214C9641F2CC2D800D9B6F4 /* Food.swift in Sources */ = {isa = PBXBuildFile; fileRef = 6214C9631F2CC2D800D9B6F4 /* Food.swift */; };
		62A950F91F2DFD9800155EC7 /* DetailedViewController.swift in Sources */ = {isa = PBXBuildFile; fileRef = 62A950F81F2DFD9800155EC7 /* DetailedViewController.swift */; };
		62D7037C1E5D999A001AAC1E /* AppDelegate.swift in Sources */ = {isa = PBXBuildFile; fileRef = 62D7037B1E5D999A001AAC1E /* AppDelegate.swift */; };
		62D7037E1E5D999A001AAC1E /* SearchViewController.swift in Sources */ = {isa = PBXBuildFile; fileRef = 62D7037D1E5D999A001AAC1E /* SearchViewController.swift */; };
		62D703811E5D999A001AAC1E /* Main.storyboard in Resources */ = {isa = PBXBuildFile; fileRef = 62D7037F1E5D999A001AAC1E /* Main.storyboard */; };
		62D703831E5D999A001AAC1E /* Assets.xcassets in Resources */ = {isa = PBXBuildFile; fileRef = 62D703821E5D999A001AAC1E /* Assets.xcassets */; };
		62D703861E5D999A001AAC1E /* LaunchScreen.storyboard in Resources */ = {isa = PBXBuildFile; fileRef = 62D703841E5D999A001AAC1E /* LaunchScreen.storyboard */; };
		62D7038E1E5DA662001AAC1E /* FoodDataCollector.swift in Sources */ = {isa = PBXBuildFile; fileRef = 62D7038D1E5DA662001AAC1E /* FoodDataCollector.swift */; };
		62D703901E5DA6EF001AAC1E /* TableViewController.swift in Sources */ = {isa = PBXBuildFile; fileRef = 62D7038F1E5DA6EF001AAC1E /* TableViewController.swift */; };
/* End PBXBuildFile section */

/* Begin PBXFileReference section */
		6214C9631F2CC2D800D9B6F4 /* Food.swift */ = {isa = PBXFileReference; fileEncoding = 4; lastKnownFileType = sourcecode.swift; path = Food.swift; sourceTree = "<group>"; };
		62A950F81F2DFD9800155EC7 /* DetailedViewController.swift */ = {isa = PBXFileReference; fileEncoding = 4; lastKnownFileType = sourcecode.swift; path = DetailedViewController.swift; sourceTree = "<group>"; };
		62D703781E5D999A001AAC1E /* LivsmedelsApp.app */ = {isa = PBXFileReference; explicitFileType = wrapper.application; includeInIndex = 0; path = LivsmedelsApp.app; sourceTree = BUILT_PRODUCTS_DIR; };
		62D7037B1E5D999A001AAC1E /* AppDelegate.swift */ = {isa = PBXFileReference; lastKnownFileType = sourcecode.swift; path = AppDelegate.swift; sourceTree = "<group>"; };
		62D7037D1E5D999A001AAC1E /* SearchViewController.swift */ = {isa = PBXFileReference; lastKnownFileType = sourcecode.swift; path = SearchViewController.swift; sourceTree = "<group>"; };
		62D703801E5D999A001AAC1E /* Base */ = {isa = PBXFileReference; lastKnownFileType = file.storyboard; name = Base; path = Base.lproj/Main.storyboard; sourceTree = "<group>"; };
		62D703821E5D999A001AAC1E /* Assets.xcassets */ = {isa = PBXFileReference; lastKnownFileType = folder.assetcatalog; path = Assets.xcassets; sourceTree = "<group>"; };
		62D703851E5D999A001AAC1E /* Base */ = {isa = PBXFileReference; lastKnownFileType = file.storyboard; name = Base; path = Base.lproj/LaunchScreen.storyboard; sourceTree = "<group>"; };
		62D703871E5D999A001AAC1E /* Info.plist */ = {isa = PBXFileReference; lastKnownFileType = text.plist.xml; path = Info.plist; sourceTree = "<group>"; };
		62D7038D1E5DA662001AAC1E /* FoodDataCollector.swift */ = {isa = PBXFileReference; fileEncoding = 4; lastKnownFileType = sourcecode.swift; path = FoodDataCollector.swift; sourceTree = "<group>"; };
		62D7038F1E5DA6EF001AAC1E /* TableViewController.swift */ = {isa = PBXFileReference; fileEncoding = 4; lastKnownFileType = sourcecode.swift; path = TableViewController.swift; sourceTree = "<group>"; };
/* End PBXFileReference section */

/* Begin PBXFrameworksBuildPhase section */
		62D703751E5D999A001AAC1E /* Frameworks */ = {
			isa = PBXFrameworksBuildPhase;
			buildActionMask = 2147483647;
			files = (
			);
			runOnlyForDeploymentPostprocessing = 0;
		};
/* End PBXFrameworksBuildPhase section */

/* Begin PBXGroup section */
		62D7036F1E5D999A001AAC1E = {
			isa = PBXGroup;
			children = (
				62D7037A1E5D999A001AAC1E /* LivsmedelsApp */,
				62D703791E5D999A001AAC1E /* Products */,
			);
			sourceTree = "<group>";
		};
		62D703791E5D999A001AAC1E /* Products */ = {
			isa = PBXGroup;
			children = (
				62D703781E5D999A001AAC1E /* LivsmedelsApp.app */,
			);
			name = Products;
			sourceTree = "<group>";
		};
		62D7037A1E5D999A001AAC1E /* LivsmedelsApp */ = {
			isa = PBXGroup;
			children = (
				62D7037B1E5D999A001AAC1E /* AppDelegate.swift */,
				62D7037D1E5D999A001AAC1E /* SearchViewController.swift */,
				62D7037F1E5D999A001AAC1E /* Main.storyboard */,
				62D703821E5D999A001AAC1E /* Assets.xcassets */,
				62D703841E5D999A001AAC1E /* LaunchScreen.storyboard */,
				62D703871E5D999A001AAC1E /* Info.plist */,
				62D7038D1E5DA662001AAC1E /* FoodDataCollector.swift */,
				62D7038F1E5DA6EF001AAC1E /* TableViewController.swift */,
				6214C9631F2CC2D800D9B6F4 /* Food.swift */,
				62A950F81F2DFD9800155EC7 /* DetailedViewController.swift */,
			);
			path = LivsmedelsApp;
			sourceTree = "<group>";
		};
/* End PBXGroup section */

/* Begin PBXNativeTarget section */
		62D703771E5D999A001AAC1E /* LivsmedelsApp */ = {
			isa = PBXNativeTarget;
			buildConfigurationList = 62D7038A1E5D999A001AAC1E /* Build configuration list for PBXNativeTarget "LivsmedelsApp" */;
			buildPhases = (
				62D703741E5D999A001AAC1E /* Sources */,
				62D703751E5D999A001AAC1E /* Frameworks */,
				62D703761E5D999A001AAC1E /* Resources */,
			);
			buildRules = (
			);
			dependencies = (
			);
			name = LivsmedelsApp;
			productName = LivsmedelsApp;
			productReference = 62D703781E5D999A001AAC1E /* LivsmedelsApp.app */;
			productType = "com.apple.product-type.application";
		};
/* End PBXNativeTarget section */

/* Begin PBXProject section */
		62D703701E5D999A001AAC1E /* Project object */ = {
			isa = PBXProject;
			attributes = {
				LastSwiftUpdateCheck = 0810;
				LastUpgradeCheck = 0810;
				ORGANIZATIONNAME = "Hristijan Bocevski";
				TargetAttributes = {
					62D703771E5D999A001AAC1E = {
						CreatedOnToolsVersion = 8.1;
						ProvisioningStyle = Automatic;
					};
				};
			};
			buildConfigurationList = 62D703731E5D999A001AAC1E /* Build configuration list for PBXProject "LivsmedelsApp" */;
			compatibilityVersion = "Xcode 3.2";
			developmentRegion = English;
			hasScannedForEncodings = 0;
			knownRegions = (
				en,
				Base,
			);
			mainGroup = 62D7036F1E5D999A001AAC1E;
			productRefGroup = 62D703791E5D999A001AAC1E /* Products */;
			projectDirPath = "";
			projectRoot = "";
			targets = (
				62D703771E5D999A001AAC1E /* LivsmedelsApp */,
			);
		};
/* End PBXProject section */

/* Begin PBXResourcesBuildPhase section */
		62D703761E5D999A001AAC1E /* Resources */ = {
			isa = PBXResourcesBuildPhase;
			buildActionMask = 2147483647;
			files = (
				62D703861E5D999A001AAC1E /* LaunchScreen.storyboard in Resources */,
				62D703831E5D999A001AAC1E /* Assets.xcassets in Resources */,
				62D703811E5D999A001AAC1E /* Main.storyboard in Resources */,
			);
			runOnlyForDeploymentPostprocessing = 0;
		};
/* End PBXResourcesBuildPhase section */

/* Begin PBXSourcesBuildPhase section */
		62D703741E5D999A001AAC1E /* Sources */ = {
			isa = PBXSourcesBuildPhase;
			buildActionMask = 2147483647;
			files = (
				62D7037E1E5D999A001AAC1E /* SearchViewController.swift in Sources */,
				62D7037C1E5D999A001AAC1E /* AppDelegate.swift in Sources */,
				62A950F91F2DFD9800155EC7 /* DetailedViewController.swift in Sources */,
				6214C9641F2CC2D800D9B6F4 /* Food.swift in Sources */,
				62D7038E1E5DA662001AAC1E /* FoodDataCollector.swift in Sources */,
				62D703901E5DA6EF001AAC1E /* TableViewController.swift in Sources */,
			);
			runOnlyForDeploymentPostprocessing = 0;
		};
/* End PBXSourcesBuildPhase section */

/* Begin PBXVariantGroup section */
		62D7037F1E5D999A001AAC1E /* Main.storyboard */ = {
			isa = PBXVariantGroup;
			children = (
				62D703801E5D999A001AAC1E /* Base */,
			);
			name = Main.storyboard;
			sourceTree = "<group>";
		};
		62D703841E5D999A001AAC1E /* LaunchScreen.storyboard */ = {
			isa = PBXVariantGroup;
			children = (
				62D703851E5D999A001AAC1E /* Base */,
			);
			name = LaunchScreen.storyboard;
			sourceTree = "<group>";
		};
/* End PBXVariantGroup section */

/* Begin XCBuildConfiguration section */
		62D703881E5D999A001AAC1E /* Debug */ = {
			isa = XCBuildConfiguration;
			buildSettings = {
				ALWAYS_SEARCH_USER_PATHS = NO;
				CLANG_ANALYZER_NONNULL = YES;
				CLANG_CXX_LANGUAGE_STANDARD = "gnu++0x";
				CLANG_CXX_LIBRARY = "libc++";
				CLANG_ENABLE_MODULES = YES;
				CLANG_ENABLE_OBJC_ARC = YES;
				CLANG_WARN_BOOL_CONVERSION = YES;
				CLANG_WARN_CONSTANT_CONVERSION = YES;
				CLANG_WARN_DIRECT_OBJC_ISA_USAGE = YES_ERROR;
				CLANG_WARN_DOCUMENTATION_COMMENTS = YES;
				CLANG_WARN_EMPTY_BODY = YES;
				CLANG_WARN_ENUM_CONVERSION = YES;
				CLANG_WARN_INFINITE_RECURSION = YES;
				CLANG_WARN_INT_CONVERSION = YES;
				CLANG_WARN_OBJC_ROOT_CLASS = YES_ERROR;
				CLANG_WARN_SUSPICIOUS_MOVES = YES;
				CLANG_WARN_UNREACHABLE_CODE = YES;
				CLANG_WARN__DUPLICATE_METHOD_MATCH = YES;
				"CODE_SIGN_IDENTITY[sdk=iphoneos*]" = "iPhone Developer";
				COPY_PHASE_STRIP = NO;
				DEBUG_INFORMATION_FORMAT = dwarf;
				ENABLE_STRICT_OBJC_MSGSEND = YES;
				ENABLE_TESTABILITY = YES;
				GCC_C_LANGUAGE_STANDARD = gnu99;
				GCC_DYNAMIC_NO_PIC = NO;
				GCC_NO_COMMON_BLOCKS = YES;
				GCC_OPTIMIZATION_LEVEL = 0;
				GCC_PREPROCESSOR_DEFINITIONS = (
					"DEBUG=1",
					"$(inherited)",
				);
				GCC_WARN_64_TO_32_BIT_CONVERSION = YES;
				GCC_WARN_ABOUT_RETURN_TYPE = YES_ERROR;
				GCC_WARN_UNDECLARED_SELECTOR = YES;
				GCC_WARN_UNINITIALIZED_AUTOS = YES_AGGRESSIVE;
				GCC_WARN_UNUSED_FUNCTION = YES;
				GCC_WARN_UNUSED_VARIABLE = YES;
				IPHONEOS_DEPLOYMENT_TARGET = 10.1;
				MTL_ENABLE_DEBUG_INFO = YES;
				ONLY_ACTIVE_ARCH = YES;
				SDKROOT = iphoneos;
				SWIFT_ACTIVE_COMPILATION_CONDITIONS = DEBUG;
				SWIFT_OPTIMIZATION_LEVEL = "-Onone";
			};
			name = Debug;
		};
		62D703891E5D999A001AAC1E /* Release */ = {
			isa = XCBuildConfiguration;
			buildSettings = {
				ALWAYS_SEARCH_USER_PATHS = NO;
				CLANG_ANALYZER_NONNULL = YES;
				CLANG_CXX_LANGUAGE_STANDARD = "gnu++0x";
				CLANG_CXX_LIBRARY = "libc++";
				CLANG_ENABLE_MODULES = YES;
				CLANG_ENABLE_OBJC_ARC = YES;
				CLANG_WARN_BOOL_CONVERSION = YES;
				CLANG_WARN_CONSTANT_CONVERSION = YES;
				CLANG_WARN_DIRECT_OBJC_ISA_USAGE = YES_ERROR;
				CLANG_WARN_DOCUMENTATION_COMMENTS = YES;
				CLANG_WARN_EMPTY_BODY = YES;
				CLANG_WARN_ENUM_CONVERSION = YES;
				CLANG_WARN_INFINITE_RECURSION = YES;
				CLANG_WARN_INT_CONVERSION = YES;
				CLANG_WARN_OBJC_ROOT_CLASS = YES_ERROR;
				CLANG_WARN_SUSPICIOUS_MOVES = YES;
				CLANG_WARN_UNREACHABLE_CODE = YES;
				CLANG_WARN__DUPLICATE_METHOD_MATCH = YES;
				"CODE_SIGN_IDENTITY[sdk=iphoneos*]" = "iPhone Developer";
				COPY_PHASE_STRIP = NO;
				DEBUG_INFORMATION_FORMAT = "dwarf-with-dsym";
				ENABLE_NS_ASSERTIONS = NO;
				ENABLE_STRICT_OBJC_MSGSEND = YES;
				GCC_C_LANGUAGE_STANDARD = gnu99;
				GCC_NO_COMMON_BLOCKS = YES;
				GCC_WARN_64_TO_32_BIT_CONVERSION = YES;
				GCC_WARN_ABOUT_RETURN_TYPE = YES_ERROR;
				GCC_WARN_UNDECLARED_SELECTOR = YES;
				GCC_WARN_UNINITIALIZED_AUTOS = YES_AGGRESSIVE;
				GCC_WARN_UNUSED_FUNCTION = YES;
				GCC_WARN_UNUSED_VARIABLE = YES;
				IPHONEOS_DEPLOYMENT_TARGET = 10.1;
				MTL_ENABLE_DEBUG_INFO = NO;
				SDKROOT = iphoneos;
				SWIFT_OPTIMIZATION_LEVEL = "-Owholemodule";
				VALIDATE_PRODUCT = YES;
			};
			name = Release;
		};
		62D7038B1E5D999A001AAC1E /* Debug */ = {
			isa = XCBuildConfiguration;
			buildSettings = {
				ASSETCATALOG_COMPILER_APPICON_NAME = AppIcon;
				INFOPLIST_FILE = LivsmedelsApp/Info.plist;
				LD_RUNPATH_SEARCH_PATHS = "$(inherited) @executable_path/Frameworks";
				PRODUCT_BUNDLE_IDENTIFIER = HB.LivsmedelsApp;
				PRODUCT_NAME = "$(TARGET_NAME)";
				SWIFT_VERSION = 3.0;
			};
			name = Debug;
		};
		62D7038C1E5D999A001AAC1E /* Release */ = {
			isa = XCBuildConfiguration;
			buildSettings = {
				ASSETCATALOG_COMPILER_APPICON_NAME = AppIcon;
				INFOPLIST_FILE = LivsmedelsApp/Info.plist;
				LD_RUNPATH_SEARCH_PATHS = "$(inherited) @executable_path/Frameworks";
				PRODUCT_BUNDLE_IDENTIFIER = HB.LivsmedelsApp;
				PRODUCT_NAME = "$(TARGET_NAME)";
				SWIFT_VERSION = 3.0;
			};
			name = Release;
		};
/* End XCBuildConfiguration section */

/* Begin XCConfigurationList section */
		62D703731E5D999A001AAC1E /* Build configuration list for PBXProject "LivsmedelsApp" */ = {
			isa = XCConfigurationList;
			buildConfigurations = (
				62D703881E5D999A001AAC1E /* Debug */,
				62D703891E5D999A001AAC1E /* Release */,
			);
			defaultConfigurationIsVisible = 0;
			defaultConfigurationName = Release;
		};
		62D7038A1E5D999A001AAC1E /* Build configuration list for PBXNativeTarget "LivsmedelsApp" */ = {
			isa = XCConfigurationList;
			buildConfigurations = (
				62D7038B1E5D999A001AAC1E /* Debug */,
				62D7038C1E5D999A001AAC1E /* Release */,
			);
			defaultConfigurationIsVisible = 0;
			defaultConfigurationName = Release;
		};
/* End XCConfigurationList section */
	};
	rootObject = 62D703701E5D999A001AAC1E /* Project object */;
}
